
Microsoft Visual Studio Solution File, Format Version 12.00
# Visual Studio Version 17
VisualStudioVersion = 17.5.33530.505
MinimumVisualStudioVersion = 10.0.40219.1
Project("{FAE04EC0-301F-11D3-BF4B-00C04F79EFBC}") = "testapi1", "testapi1\testapi1.csproj", "{65B8C785-16B1-4FE2-9339-875072E67DDD}"
EndProject
Global
	GlobalSection(SolutionConfigurationPlatforms) = preSolution
		Debug|Any CPU = Debug|Any CPU
		Release|Any CPU = Release|Any CPU
	EndGlobalSection
	GlobalSection(ProjectConfigurationPlatforms) = postSolution
		{65B8C785-16B1-4FE2-9339-875072E67DDD}.Debug|Any CPU.ActiveCfg = Debug|Any CPU
		{65B8C785-16B1-4FE2-9339-875072E67DDD}.Debug|Any CPU.Build.0 = Debug|Any CPU
		{65B8C785-16B1-4FE2-9339-875072E67DDD}.Release|Any CPU.ActiveCfg = Release|Any CPU
		{65B8C785-16B1-4FE2-9339-875072E67DDD}.Release|Any CPU.Build.0 = Release|Any CPU
	EndGlobalSection
	GlobalSection(SolutionProperties) = preSolution
		HideSolutionNode = FALSE
	EndGlobalSection
	GlobalSection(ExtensibilityGlobals) = postSolution
		SolutionGuid = {1DD907B6-7F8C-4844-A9C5-27A0C42A2BD8}
	EndGlobalSection
EndGlobal
